
Microsoft Visual Studio Solution File, Format Version 12.00
# Visual Studio Version 17
VisualStudioVersion = 17.0.31903.59
MinimumVisualStudioVersion = 10.0.40219.1
Project("{2150E333-8FDC-42A3-9474-1A3956D46DE8}") = "src", "src", "{827E0CD3-B72D-47B6-A68D-7590B98EB39B}"
EndProject
Project("{FAE04EC0-301F-11D3-BF4B-00C04F79EFBC}") = "MarketplaceHub.Domain", "src\MarketplaceHub.Domain\MarketplaceHub.Domain.csproj", "{6F2CF20A-0B27-4F38-9C70-250FB328B59E}"
EndProject
Project("{FAE04EC0-301F-11D3-BF4B-00C04F79EFBC}") = "MarketplaceHub.Application", "src\MarketplaceHub.Application\MarketplaceHub.Application.csproj", "{CA6F0939-B545-441F-AE15-EBB50A81833E}"
EndProject
Project("{FAE04EC0-301F-11D3-BF4B-00C04F79EFBC}") = "MarketplaceHub.Infrastructure", "src\MarketplaceHub.Infrastructure\MarketplaceHub.Infrastructure.csproj", "{2F0C06F5-1809-4C9E-8B29-400E5531AD48}"
EndProject
Project("{FAE04EC0-301F-11D3-BF4B-00C04F79EFBC}") = "MarketplaceHub.Api", "src\MarketplaceHub.Api\MarketplaceHub.Api.csproj", "{2DBFC127-D9E9-4BB3-9EDF-3BC169986564}"
EndProject
Project("{FAE04EC0-301F-11D3-BF4B-00C04F79EFBC}") = "MarketplaceHub.Worker", "src\MarketplaceHub.Worker\MarketplaceHub.Worker.csproj", "{4825A9F7-8145-48F3-9C40-4B0845E2E594}"
EndProject
Project("{FAE04EC0-301F-11D3-BF4B-00C04F79EFBC}") = "MarketplaceHub.Application.Tests", "tests\MarketplaceHub.Application.Tests\MarketplaceHub.Application.Tests.csproj", "{D91C28D6-E860-4AA1-A376-B0C4D6FF1205}"
EndProject
Global
	GlobalSection(SolutionConfigurationPlatforms) = preSolution
		Debug|Any CPU = Debug|Any CPU
		Debug|x64 = Debug|x64
		Debug|x86 = Debug|x86
		Release|Any CPU = Release|Any CPU
		Release|x64 = Release|x64
		Release|x86 = Release|x86
	EndGlobalSection
	GlobalSection(ProjectConfigurationPlatforms) = postSolution
		{6F2CF20A-0B27-4F38-9C70-250FB328B59E}.Debug|Any CPU.ActiveCfg = Debug|Any CPU
		{6F2CF20A-0B27-4F38-9C70-250FB328B59E}.Debug|Any CPU.Build.0 = Debug|Any CPU
		{6F2CF20A-0B27-4F38-9C70-250FB328B59E}.Debug|x64.ActiveCfg = Debug|Any CPU
		{6F2CF20A-0B27-4F38-9C70-250FB328B59E}.Debug|x64.Build.0 = Debug|Any CPU
		{6F2CF20A-0B27-4F38-9C70-250FB328B59E}.Debug|x86.ActiveCfg = Debug|Any CPU
		{6F2CF20A-0B27-4F38-9C70-250FB328B59E}.Debug|x86.Build.0 = Debug|Any CPU
		{6F2CF20A-0B27-4F38-9C70-250FB328B59E}.Release|Any CPU.ActiveCfg = Release|Any CPU
		{6F2CF20A-0B27-4F38-9C70-250FB328B59E}.Release|Any CPU.Build.0 = Release|Any CPU
		{6F2CF20A-0B27-4F38-9C70-250FB328B59E}.Release|x64.ActiveCfg = Release|Any CPU
		{6F2CF20A-0B27-4F38-9C70-250FB328B59E}.Release|x64.Build.0 = Release|Any CPU
		{6F2CF20A-0B27-4F38-9C70-250FB328B59E}.Release|x86.ActiveCfg = Release|Any CPU
		{6F2CF20A-0B27-4F38-9C70-250FB328B59E}.Release|x86.Build.0 = Release|Any CPU
		{CA6F0939-B545-441F-AE15-EBB50A81833E}.Debug|Any CPU.ActiveCfg = Debug|Any CPU
		{CA6F0939-B545-441F-AE15-EBB50A81833E}.Debug|Any CPU.Build.0 = Debug|Any CPU
		{CA6F0939-B545-441F-AE15-EBB50A81833E}.Debug|x64.ActiveCfg = Debug|Any CPU
		{CA6F0939-B545-441F-AE15-EBB50A81833E}.Debug|x64.Build.0 = Debug|Any CPU
		{CA6F0939-B545-441F-AE15-EBB50A81833E}.Debug|x86.ActiveCfg = Debug|Any CPU
		{CA6F0939-B545-441F-AE15-EBB50A81833E}.Debug|x86.Build.0 = Debug|Any CPU
		{CA6F0939-B545-441F-AE15-EBB50A81833E}.Release|Any CPU.ActiveCfg = Release|Any CPU
		{CA6F0939-B545-441F-AE15-EBB50A81833E}.Release|Any CPU.Build.0 = Release|Any CPU
		{CA6F0939-B545-441F-AE15-EBB50A81833E}.Release|x64.ActiveCfg = Release|Any CPU
		{CA6F0939-B545-441F-AE15-EBB50A81833E}.Release|x64.Build.0 = Release|Any CPU
		{CA6F0939-B545-441F-AE15-EBB50A81833E}.Release|x86.ActiveCfg = Release|Any CPU
		{CA6F0939-B545-441F-AE15-EBB50A81833E}.Release|x86.Build.0 = Release|Any CPU
		{2F0C06F5-1809-4C9E-8B29-400E5531AD48}.Debug|Any CPU.ActiveCfg = Debug|Any CPU
		{2F0C06F5-1809-4C9E-8B29-400E5531AD48}.Debug|Any CPU.Build.0 = Debug|Any CPU
		{2F0C06F5-1809-4C9E-8B29-400E5531AD48}.Debug|x64.ActiveCfg = Debug|Any CPU
		{2F0C06F5-1809-4C9E-8B29-400E5531AD48}.Debug|x64.Build.0 = Debug|Any CPU
		{2F0C06F5-1809-4C9E-8B29-400E5531AD48}.Debug|x86.ActiveCfg = Debug|Any CPU
		{2F0C06F5-1809-4C9E-8B29-400E5531AD48}.Debug|x86.Build.0 = Debug|Any CPU
		{2F0C06F5-1809-4C9E-8B29-400E5531AD48}.Release|Any CPU.ActiveCfg = Release|Any CPU
		{2F0C06F5-1809-4C9E-8B29-400E5531AD48}.Release|Any CPU.Build.0 = Release|Any CPU
		{2F0C06F5-1809-4C9E-8B29-400E5531AD48}.Release|x64.ActiveCfg = Release|Any CPU
		{2F0C06F5-1809-4C9E-8B29-400E5531AD48}.Release|x64.Build.0 = Release|Any CPU
		{2F0C06F5-1809-4C9E-8B29-400E5531AD48}.Release|x86.ActiveCfg = Release|Any CPU
		{2F0C06F5-1809-4C9E-8B29-400E5531AD48}.Release|x86.Build.0 = Release|Any CPU
		{2DBFC127-D9E9-4BB3-9EDF-3BC169986564}.Debug|Any CPU.ActiveCfg = Debug|Any CPU
		{2DBFC127-D9E9-4BB3-9EDF-3BC169986564}.Debug|Any CPU.Build.0 = Debug|Any CPU
		{2DBFC127-D9E9-4BB3-9EDF-3BC169986564}.Debug|x64.ActiveCfg = Debug|Any CPU
		{2DBFC127-D9E9-4BB3-9EDF-3BC169986564}.Debug|x64.Build.0 = Debug|Any CPU
		{2DBFC127-D9E9-4BB3-9EDF-3BC169986564}.Debug|x86.ActiveCfg = Debug|Any CPU
		{2DBFC127-D9E9-4BB3-9EDF-3BC169986564}.Debug|x86.Build.0 = Debug|Any CPU
		{2DBFC127-D9E9-4BB3-9EDF-3BC169986564}.Release|Any CPU.ActiveCfg = Release|Any CPU
		{2DBFC127-D9E9-4BB3-9EDF-3BC169986564}.Release|Any CPU.Build.0 = Release|Any CPU
		{2DBFC127-D9E9-4BB3-9EDF-3BC169986564}.Release|x64.ActiveCfg = Release|Any CPU
		{2DBFC127-D9E9-4BB3-9EDF-3BC169986564}.Release|x64.Build.0 = Release|Any CPU
		{2DBFC127-D9E9-4BB3-9EDF-3BC169986564}.Release|x86.ActiveCfg = Release|Any CPU
		{2DBFC127-D9E9-4BB3-9EDF-3BC169986564}.Release|x86.Build.0 = Release|Any CPU
		{4825A9F7-8145-48F3-9C40-4B0845E2E594}.Debug|Any CPU.ActiveCfg = Debug|Any CPU
		{4825A9F7-8145-48F3-9C40-4B0845E2E594}.Debug|Any CPU.Build.0 = Debug|Any CPU
		{4825A9F7-8145-48F3-9C40-4B0845E2E594}.Debug|x64.ActiveCfg = Debug|Any CPU
		{4825A9F7-8145-48F3-9C40-4B0845E2E594}.Debug|x64.Build.0 = Debug|Any CPU
		{4825A9F7-8145-48F3-9C40-4B0845E2E594}.Debug|x86.ActiveCfg = Debug|Any CPU
		{4825A9F7-8145-48F3-9C40-4B0845E2E594}.Debug|x86.Build.0 = Debug|Any CPU
		{4825A9F7-8145-48F3-9C40-4B0845E2E594}.Release|Any CPU.ActiveCfg = Release|Any CPU
		{4825A9F7-8145-48F3-9C40-4B0845E2E594}.Release|Any CPU.Build.0 = Release|Any CPU
		{4825A9F7-8145-48F3-9C40-4B0845E2E594}.Release|x64.ActiveCfg = Release|Any CPU
		{4825A9F7-8145-48F3-9C40-4B0845E2E594}.Release|x64.Build.0 = Release|Any CPU
		{4825A9F7-8145-48F3-9C40-4B0845E2E594}.Release|x86.ActiveCfg = Release|Any CPU
		{4825A9F7-8145-48F3-9C40-4B0845E2E594}.Release|x86.Build.0 = Release|Any CPU
		{D91C28D6-E860-4AA1-A376-B0C4D6FF1205}.Debug|Any CPU.ActiveCfg = Debug|Any CPU
		{D91C28D6-E860-4AA1-A376-B0C4D6FF1205}.Debug|Any CPU.Build.0 = Debug|Any CPU
		{D91C28D6-E860-4AA1-A376-B0C4D6FF1205}.Debug|x64.ActiveCfg = Debug|Any CPU
		{D91C28D6-E860-4AA1-A376-B0C4D6FF1205}.Debug|x64.Build.0 = Debug|Any CPU
		{D91C28D6-E860-4AA1-A376-B0C4D6FF1205}.Debug|x86.ActiveCfg = Debug|Any CPU
		{D91C28D6-E860-4AA1-A376-B0C4D6FF1205}.Debug|x86.Build.0 = Debug|Any CPU
		{D91C28D6-E860-4AA1-A376-B0C4D6FF1205}.Release|Any CPU.ActiveCfg = Release|Any CPU
		{D91C28D6-E860-4AA1-A376-B0C4D6FF1205}.Release|Any CPU.Build.0 = Release|Any CPU
		{D91C28D6-E860-4AA1-A376-B0C4D6FF1205}.Release|x64.ActiveCfg = Release|Any CPU
		{D91C28D6-E860-4AA1-A376-B0C4D6FF1205}.Release|x64.Build.0 = Release|Any CPU
		{D91C28D6-E860-4AA1-A376-B0C4D6FF1205}.Release|x86.ActiveCfg = Release|Any CPU
		{D91C28D6-E860-4AA1-A376-B0C4D6FF1205}.Release|x86.Build.0 = Release|Any CPU
	EndGlobalSection
	GlobalSection(SolutionProperties) = preSolution
		HideSolutionNode = FALSE
	EndGlobalSection
	GlobalSection(NestedProjects) = preSolution
		{6F2CF20A-0B27-4F38-9C70-250FB328B59E} = {827E0CD3-B72D-47B6-A68D-7590B98EB39B}
		{CA6F0939-B545-441F-AE15-EBB50A81833E} = {827E0CD3-B72D-47B6-A68D-7590B98EB39B}
		{2F0C06F5-1809-4C9E-8B29-400E5531AD48} = {827E0CD3-B72D-47B6-A68D-7590B98EB39B}
		{2DBFC127-D9E9-4BB3-9EDF-3BC169986564} = {827E0CD3-B72D-47B6-A68D-7590B98EB39B}
		{4825A9F7-8145-48F3-9C40-4B0845E2E594} = {827E0CD3-B72D-47B6-A68D-7590B98EB39B}
	EndGlobalSection
EndGlobal
